
Microsoft Visual Studio Solution File, Format Version 12.00
# Visual Studio Version 16
VisualStudioVersion = 25.0.1706.12
MinimumVisualStudioVersion = 10.0.40219.1
Project("{FAE04EC0-301F-11D3-BF4B-00C04F79EFBC}") = "pokemon.Console", "pokemon.Console\pokemon.Console.csproj", "{F0E27E01-4E7D-41AB-AE3D-5BD8A3135153}"
EndProject
Project("{FAE04EC0-301F-11D3-BF4B-00C04F79EFBC}") = "pokemon.Library", "pokemon.Library\pokemon.Library.csproj", "{1429B21E-E70C-4D27-8F9E-4C5512249CAE}"
EndProject
Project("{FAE04EC0-301F-11D3-BF4B-00C04F79EFBC}") = "pokemon.Logic", "pokemon.Logic\pokemon.Logic.csproj", "{4E30855D-539D-4716-B2DF-C897D629AF5F}"
EndProject
Project("{FAE04EC0-301F-11D3-BF4B-00C04F79EFBC}") = "pokemon.API", "pokemon.API\pokemon.API.csproj", "{F9705637-25D7-4BE7-BEC2-3713595918F1}"
EndProject
Project("{FAE04EC0-301F-11D3-BF4B-00C04F79EFBC}") = "pokemon.MVC", "pokemon.MVC\pokemon.MVC.csproj", "{8D1456D9-C62F-4D02-8DCA-C50B5F1C8136}"
EndProject
Global
	GlobalSection(SolutionConfigurationPlatforms) = preSolution
		Debug|Any CPU = Debug|Any CPU
		Release|Any CPU = Release|Any CPU
	EndGlobalSection
	GlobalSection(ProjectConfigurationPlatforms) = postSolution
		{F0E27E01-4E7D-41AB-AE3D-5BD8A3135153}.Debug|Any CPU.ActiveCfg = Debug|Any CPU
		{F0E27E01-4E7D-41AB-AE3D-5BD8A3135153}.Debug|Any CPU.Build.0 = Debug|Any CPU
		{F0E27E01-4E7D-41AB-AE3D-5BD8A3135153}.Release|Any CPU.ActiveCfg = Release|Any CPU
		{F0E27E01-4E7D-41AB-AE3D-5BD8A3135153}.Release|Any CPU.Build.0 = Release|Any CPU
		{1429B21E-E70C-4D27-8F9E-4C5512249CAE}.Debug|Any CPU.ActiveCfg = Debug|Any CPU
		{1429B21E-E70C-4D27-8F9E-4C5512249CAE}.Debug|Any CPU.Build.0 = Debug|Any CPU
		{1429B21E-E70C-4D27-8F9E-4C5512249CAE}.Release|Any CPU.ActiveCfg = Release|Any CPU
		{1429B21E-E70C-4D27-8F9E-4C5512249CAE}.Release|Any CPU.Build.0 = Release|Any CPU
		{4E30855D-539D-4716-B2DF-C897D629AF5F}.Debug|Any CPU.ActiveCfg = Debug|Any CPU
		{4E30855D-539D-4716-B2DF-C897D629AF5F}.Debug|Any CPU.Build.0 = Debug|Any CPU
		{4E30855D-539D-4716-B2DF-C897D629AF5F}.Release|Any CPU.ActiveCfg = Release|Any CPU
		{4E30855D-539D-4716-B2DF-C897D629AF5F}.Release|Any CPU.Build.0 = Release|Any CPU
		{F9705637-25D7-4BE7-BEC2-3713595918F1}.Debug|Any CPU.ActiveCfg = Debug|Any CPU
		{F9705637-25D7-4BE7-BEC2-3713595918F1}.Debug|Any CPU.Build.0 = Debug|Any CPU
		{F9705637-25D7-4BE7-BEC2-3713595918F1}.Release|Any CPU.ActiveCfg = Release|Any CPU
		{F9705637-25D7-4BE7-BEC2-3713595918F1}.Release|Any CPU.Build.0 = Release|Any CPU
		{8D1456D9-C62F-4D02-8DCA-C50B5F1C8136}.Debug|Any CPU.ActiveCfg = Debug|Any CPU
		{8D1456D9-C62F-4D02-8DCA-C50B5F1C8136}.Debug|Any CPU.Build.0 = Debug|Any CPU
		{8D1456D9-C62F-4D02-8DCA-C50B5F1C8136}.Release|Any CPU.ActiveCfg = Release|Any CPU
		{8D1456D9-C62F-4D02-8DCA-C50B5F1C8136}.Release|Any CPU.Build.0 = Release|Any CPU
	EndGlobalSection
	GlobalSection(SolutionProperties) = preSolution
		HideSolutionNode = FALSE
	EndGlobalSection
	GlobalSection(ExtensibilityGlobals) = postSolution
		SolutionGuid = {F17466A9-FC8A-48BA-8CE3-53435E9BB81A}
	EndGlobalSection
EndGlobal
